<?xml version="1.0" encoding="utf-8"?>
<Project ToolsVersion="4.0" xmlns="http://schemas.microsoft.com/developer/msbuild/2003">
  <ItemGroup>
    <Filter Include="Source Files">
      <UniqueIdentifier>{4FC737F1-C7A5-4376-A066-2A32D752A2FF}</UniqueIdentifier>
      <Extensions>cpp;c;cc;cxx;def;odl;idl;hpj;bat;asm;asmx</Extensions>
    </Filter>
    <Filter Include="Header Files">
      <UniqueIdentifier>{93995380-89BD-4b04-88EB-625FBE52EBFB}</UniqueIdentifier>
      <Extensions>h;hpp;hxx;hm;inl;inc;xsd</Extensions>
    </Filter>
    <Filter Include="Source Files\PrecompiledHeaders">
      <UniqueIdentifier>{a8562d6c-fe55-4d34-ac9d-3a1be83b7c97}</UniqueIdentifier>
    </Filter>
  </ItemGroup>
  <ItemGroup>
    <ClCompile Include="source\FusionInputDefinitionLoader.cpp">
      <Filter>Source Files</Filter>
    </ClCompile>
    <ClCompile Include="source\FusionInputHandler.cpp">
      <Filter>Source Files</Filter>
    </ClCompile>
    <ClCompile Include="source\FusionPlayerInput.cpp">
      <Filter>Source Files</Filter>
    </ClCompile>
    <ClCompile Include="source\FusionXInputController.cpp">
      <Filter>Source Files</Filter>
    </ClCompile>
    <ClCompile Include="source\PrecompiledHeaders.cpp">
      <Filter>Source Files\PrecompiledHeaders</Filter>
    </ClCompile>
  </ItemGroup>
  <ItemGroup>
    <ClInclude Include="include\FusionXInputController.h">
      <Filter>Header Files</Filter>
    </ClInclude>
    <ClInclude Include="include\FusionInputDefinitionLoader.h">
      <Filter>Header Files</Filter>
    </ClInclude>
    <ClInclude Include="include\FusionInputHandler.h">
      <Filter>Header Files</Filter>
    </ClInclude>
    <ClInclude Include="include\FusionPlayerInput.h">
      <Filter>Header Files</Filter>
    </ClInclude>
    <ClInclude Include="source\PrecompiledHeaders.h">
      <Filter>Source Files\PrecompiledHeaders</Filter>
    </ClInclude>
  </ItemGroup>
</Project>