
Microsoft Visual Studio Solution File, Format Version 11.00
# Visual Studio 2010
Project("{8BC9CEB8-8B4A-11D0-8D11-00A0C91BC942}") = "EditorTest", "EditorTest\EditorTest.vcxproj", "{4C1A90F6-5237-4B76-BE98-830B95915879}"
EndProject
Project("{8BC9CEB8-8B4A-11D0-8D11-00A0C91BC942}") = "ComponentTest", "ComponentTest\ComponentTest.vcxproj", "{39C18BD0-A5CB-4378-A3F5-AD2C0961D04C}"
EndProject
Project("{2150E333-8FDC-42A3-9474-1A3956D46DE8}") = "Solution Items", "Solution Items", "{344E8196-5D6A-4978-9572-5D7FFB3ECBCD}"
	ProjectSection(SolutionItems) = preProject
		ComponentTest.psess = ComponentTest.psess
	EndProjectSection
EndProject
Global
	GlobalSection(SolutionConfigurationPlatforms) = preSolution
		Debug|Win32 = Debug|Win32
		Profile|Win32 = Profile|Win32
		Release|Win32 = Release|Win32
	EndGlobalSection
	GlobalSection(ProjectConfigurationPlatforms) = postSolution
		{4C1A90F6-5237-4B76-BE98-830B95915879}.Debug|Win32.ActiveCfg = Debug|Win32
		{4C1A90F6-5237-4B76-BE98-830B95915879}.Profile|Win32.ActiveCfg = Profile|Win32
		{4C1A90F6-5237-4B76-BE98-830B95915879}.Release|Win32.ActiveCfg = Release|Win32
		{4C1A90F6-5237-4B76-BE98-830B95915879}.Release|Win32.Build.0 = Release|Win32
		{39C18BD0-A5CB-4378-A3F5-AD2C0961D04C}.Debug|Win32.ActiveCfg = Debug|Win32
		{39C18BD0-A5CB-4378-A3F5-AD2C0961D04C}.Debug|Win32.Build.0 = Debug|Win32
		{39C18BD0-A5CB-4378-A3F5-AD2C0961D04C}.Profile|Win32.ActiveCfg = Profile|Win32
		{39C18BD0-A5CB-4378-A3F5-AD2C0961D04C}.Profile|Win32.Build.0 = Profile|Win32
		{39C18BD0-A5CB-4378-A3F5-AD2C0961D04C}.Release|Win32.ActiveCfg = Release|Win32
		{39C18BD0-A5CB-4378-A3F5-AD2C0961D04C}.Release|Win32.Build.0 = Release|Win32
	EndGlobalSection
	GlobalSection(SolutionProperties) = preSolution
		HideSolutionNode = FALSE
	EndGlobalSection
	GlobalSection(SubversionScc) = preSolution
		Svn-Managed = True
		Manager = AnkhSVN - Subversion Support for Visual Studio
	EndGlobalSection
EndGlobal
