<?xml version="1.0" encoding="UTF-8" standalone="yes" ?>
<CodeBlocks_project_file>
	<FileVersion major="1" minor="5" />
	<Project>
		<Option title="Fusion" />
		<Option pch_mode="0" />
		<Option default_target="" />
		<Option compiler="gcc" />
		<Option virtualFolders="" />
		<Build>
			<Target title="default">
				<Option output=".\bin\FusionProject.exe" prefix_auto="0" extension_auto="0" />
				<Option type="0" />
				<Option compiler="gcc" />
				<Option projectResourceIncludeDirsRelation="0" />
				<Compiler>
					<Add option="-DWIN32" />
				</Compiler>
			</Target>
		</Build>
		<VirtualTargets>
			<Add alias="All" targets="default;" />
		</VirtualTargets>
		<Linker>
			<Add library="gdi32" />
			<Add library="user32" />
			<Add library="kernel32" />
		</Linker>
		<Unit filename="FusionEngine\Common.cpp">
			<Option compilerVar="CPP" />
			<Option target="default" />
		</Unit>
		<Unit filename="FusionEngine\Common.h">
			<Option compilerVar="" />
			<Option compile="0" />
			<Option link="0" />
			<Option target="default" />
		</Unit>
		<Unit filename="FusionEngine\FileVerifier.cpp">
			<Option compilerVar="CPP" />
			<Option target="default" />
		</Unit>
		<Unit filename="FusionEngine\FileVerifier.h">
			<Option compilerVar="" />
			<Option compile="0" />
			<Option link="0" />
			<Option target="default" />
		</Unit>
		<Unit filename="FusionEngine\Fusion.h">
			<Option compilerVar="" />
			<Option compile="0" />
			<Option link="0" />
			<Option target="default" />
		</Unit>
		<Unit filename="FusionEngine\FusionBitmask.cpp">
			<Option compilerVar="CPP" />
			<Option target="default" />
		</Unit>
		<Unit filename="FusionEngine\FusionBitmask.h">
			<Option compilerVar="" />
			<Option compile="0" />
			<Option link="0" />
			<Option target="default" />
		</Unit>
		<Unit filename="FusionEngine\FusionClientEnvironment.cpp">
			<Option compilerVar="CPP" />
			<Option target="default" />
		</Unit>
		<Unit filename="FusionEngine\FusionClientEnvironment.h">
			<Option compilerVar="" />
			<Option compile="0" />
			<Option link="0" />
			<Option target="default" />
		</Unit>
		<Unit filename="FusionEngine\FusionClientOptions.cpp">
			<Option compilerVar="CPP" />
			<Option target="default" />
		</Unit>
		<Unit filename="FusionEngine\FusionClientOptions.h">
			<Option compilerVar="" />
			<Option compile="0" />
			<Option link="0" />
			<Option target="default" />
		</Unit>
		<Unit filename="FusionEngine\FusionClientShip.cpp">
			<Option compilerVar="CPP" />
			<Option target="default" />
		</Unit>
		<Unit filename="FusionEngine\FusionClientShip.h">
			<Option compilerVar="" />
			<Option compile="0" />
			<Option link="0" />
			<Option target="default" />
		</Unit>
		<Unit filename="FusionEngine\FusionDemo.cpp">
			<Option compilerVar="CPP" />
			<Option target="default" />
		</Unit>
		<Unit filename="FusionEngine\FusionDemo.h">
			<Option compilerVar="" />
			<Option compile="0" />
			<Option link="0" />
			<Option target="default" />
		</Unit>
		<Unit filename="FusionEngine\FusionDrawable.cpp">
			<Option compilerVar="CPP" />
			<Option target="default" />
		</Unit>
		<Unit filename="FusionEngine\FusionDrawable.h">
			<Option compilerVar="" />
			<Option compile="0" />
			<Option link="0" />
			<Option target="default" />
		</Unit>
		<Unit filename="FusionEngine\FusionEngineCommon.h">
			<Option compilerVar="" />
			<Option compile="0" />
			<Option link="0" />
			<Option target="default" />
		</Unit>
		<Unit filename="FusionEngine\FusionGUI_MainMenu.cpp">
			<Option compilerVar="CPP" />
			<Option target="default" />
		</Unit>
		<Unit filename="FusionEngine\FusionGUI_MainMenu.h">
			<Option compilerVar="" />
			<Option compile="0" />
			<Option link="0" />
			<Option target="default" />
		</Unit>
		<Unit filename="FusionEngine\FusionGUI_Options.cpp">
			<Option compilerVar="CPP" />
			<Option target="default" />
		</Unit>
		<Unit filename="FusionEngine\FusionGUI_Options.h">
			<Option compilerVar="" />
			<Option compile="0" />
			<Option link="0" />
			<Option target="default" />
		</Unit>
		<Unit filename="FusionEngine\FusionGame.cpp">
			<Option compilerVar="CPP" />
			<Option target="default" />
		</Unit>
		<Unit filename="FusionEngine\FusionGame.h">
			<Option compilerVar="" />
			<Option compile="0" />
			<Option link="0" />
			<Option target="default" />
		</Unit>
		<Unit filename="FusionEngine\FusionInputData.h">
			<Option compilerVar="" />
			<Option compile="0" />
			<Option link="0" />
			<Option target="default" />
		</Unit>
		<Unit filename="FusionEngine\FusionInputHandler.cpp">
			<Option compilerVar="CPP" />
			<Option target="default" />
		</Unit>
		<Unit filename="FusionEngine\FusionInputHandler.h">
			<Option compilerVar="" />
			<Option compile="0" />
			<Option link="0" />
			<Option target="default" />
		</Unit>
		<Unit filename="FusionEngine\FusionInputMap.h">
			<Option compilerVar="" />
			<Option compile="0" />
			<Option link="0" />
			<Option target="default" />
		</Unit>
		<Unit filename="FusionEngine\FusionLoadingState.cpp">
			<Option compilerVar="CPP" />
			<Option target="default" />
		</Unit>
		<Unit filename="FusionEngine\FusionMap.h">
			<Option compilerVar="" />
			<Option compile="0" />
			<Option link="0" />
			<Option target="default" />
		</Unit>
		<Unit filename="FusionEngine\FusionMessage.cpp">
			<Option compilerVar="CPP" />
			<Option target="default" />
		</Unit>
		<Unit filename="FusionEngine\FusionMessage.h">
			<Option compilerVar="" />
			<Option compile="0" />
			<Option link="0" />
			<Option target="default" />
		</Unit>
		<Unit filename="FusionEngine\FusionMessageBuilder.cpp">
			<Option compilerVar="CPP" />
			<Option target="default" />
		</Unit>
		<Unit filename="FusionEngine\FusionMessageBuilder.h">
			<Option compilerVar="" />
			<Option compile="0" />
			<Option link="0" />
			<Option target="default" />
		</Unit>
		<Unit filename="FusionEngine\FusionNetworkClient.cpp">
			<Option compilerVar="CPP" />
			<Option target="default" />
		</Unit>
		<Unit filename="FusionEngine\FusionNetworkClient.h">
			<Option compilerVar="" />
			<Option compile="0" />
			<Option link="0" />
			<Option target="default" />
		</Unit>
		<Unit filename="FusionEngine\FusionNetworkGeneric.cpp">
			<Option compilerVar="CPP" />
			<Option target="default" />
		</Unit>
		<Unit filename="FusionEngine\FusionNetworkGeneric.h">
			<Option compilerVar="" />
			<Option compile="0" />
			<Option link="0" />
			<Option target="default" />
		</Unit>
		<Unit filename="FusionEngine\FusionNetworkMessageQueue.cpp">
			<Option compilerVar="CPP" />
			<Option target="default" />
		</Unit>
		<Unit filename="FusionEngine\FusionNetworkMessageQueue.h">
			<Option compilerVar="" />
			<Option compile="0" />
			<Option link="0" />
			<Option target="default" />
		</Unit>
		<Unit filename="FusionEngine\FusionNetworkServer.cpp">
			<Option compilerVar="CPP" />
			<Option target="default" />
		</Unit>
		<Unit filename="FusionEngine\FusionNetworkServer.h">
			<Option compilerVar="" />
			<Option compile="0" />
			<Option link="0" />
			<Option target="default" />
		</Unit>
		<Unit filename="FusionEngine\FusionNetworkTypes.h">
			<Option compilerVar="" />
			<Option compile="0" />
			<Option link="0" />
			<Option target="default" />
		</Unit>
		<Unit filename="FusionEngine\FusionNode.cpp">
			<Option compilerVar="CPP" />
			<Option target="default" />
		</Unit>
		<Unit filename="FusionEngine\FusionNode.h">
			<Option compilerVar="" />
			<Option compile="0" />
			<Option link="0" />
			<Option target="default" />
		</Unit>
		<Unit filename="FusionEngine\FusionPackSyncClient.h">
			<Option compilerVar="" />
			<Option compile="0" />
			<Option link="0" />
			<Option target="default" />
		</Unit>
		<Unit filename="FusionEngine\FusionPackSyncHost.h">
			<Option compilerVar="" />
			<Option compile="0" />
			<Option link="0" />
			<Option target="default" />
		</Unit>
		<Unit filename="FusionEngine\FusionPhysicsBody.cpp">
			<Option compilerVar="CPP" />
			<Option target="default" />
		</Unit>
		<Unit filename="FusionEngine\FusionPhysicsBody.h">
			<Option compilerVar="" />
			<Option compile="0" />
			<Option link="0" />
			<Option target="default" />
		</Unit>
		<Unit filename="FusionEngine\FusionPhysicsCollisionGrid.cpp">
			<Option compilerVar="CPP" />
			<Option target="default" />
		</Unit>
		<Unit filename="FusionEngine\FusionPhysicsCollisionGrid.h">
			<Option compilerVar="" />
			<Option compile="0" />
			<Option link="0" />
			<Option target="default" />
		</Unit>
		<Unit filename="FusionEngine\FusionPhysicsElipse.cpp">
			<Option compilerVar="CPP" />
			<Option target="default" />
		</Unit>
		<Unit filename="FusionEngine\FusionPhysicsElipse.h">
			<Option compilerVar="" />
			<Option compile="0" />
			<Option link="0" />
			<Option target="default" />
		</Unit>
		<Unit filename="FusionEngine\FusionPhysicsProperties.h">
			<Option compilerVar="" />
			<Option compile="0" />
			<Option link="0" />
			<Option target="default" />
		</Unit>
		<Unit filename="FusionEngine\FusionPhysicsResponse.cpp">
			<Option compilerVar="CPP" />
			<Option target="default" />
		</Unit>
		<Unit filename="FusionEngine\FusionPhysicsResponse.h">
			<Option compilerVar="" />
			<Option compile="0" />
			<Option link="0" />
			<Option target="default" />
		</Unit>
		<Unit filename="FusionEngine\FusionPhysicsStatic.cpp">
			<Option compilerVar="CPP" />
			<Option target="default" />
		</Unit>
		<Unit filename="FusionEngine\FusionPhysicsStatic.h">
			<Option compilerVar="" />
			<Option compile="0" />
			<Option link="0" />
			<Option target="default" />
		</Unit>
		<Unit filename="FusionEngine\FusionPhysicsTerrain.cpp">
			<Option compilerVar="CPP" />
			<Option target="default" />
		</Unit>
		<Unit filename="FusionEngine\FusionPhysicsTerrain.h">
			<Option compilerVar="" />
			<Option compile="0" />
			<Option link="0" />
			<Option target="default" />
		</Unit>
		<Unit filename="FusionEngine\FusionPhysicsTypes.h">
			<Option compilerVar="" />
			<Option compile="0" />
			<Option link="0" />
			<Option target="default" />
		</Unit>
		<Unit filename="FusionEngine\FusionPhysicsWorld.cpp">
			<Option compilerVar="CPP" />
			<Option target="default" />
		</Unit>
		<Unit filename="FusionEngine\FusionPhysicsWorld.h">
			<Option compilerVar="" />
			<Option compile="0" />
			<Option link="0" />
			<Option target="default" />
		</Unit>
		<Unit filename="FusionEngine\FusionProjectile.cpp">
			<Option compilerVar="CPP" />
			<Option target="default" />
		</Unit>
		<Unit filename="FusionEngine\FusionProjectile.h">
			<Option compilerVar="" />
			<Option compile="0" />
			<Option link="0" />
			<Option target="default" />
		</Unit>
		<Unit filename="FusionEngine\FusionProjectileState.h">
			<Option compilerVar="" />
			<Option compile="0" />
			<Option link="0" />
			<Option target="default" />
		</Unit>
		<Unit filename="FusionEngine\FusionResourceLoader.cpp">
			<Option compilerVar="CPP" />
			<Option target="default" />
		</Unit>
		<Unit filename="FusionEngine\FusionResourceLoader.h">
			<Option compilerVar="" />
			<Option compile="0" />
			<Option link="0" />
			<Option target="default" />
		</Unit>
		<Unit filename="FusionEngine\FusionScene.cpp">
			<Option compilerVar="CPP" />
			<Option target="default" />
		</Unit>
		<Unit filename="FusionEngine\FusionScene.h">
			<Option compilerVar="" />
			<Option compile="0" />
			<Option link="0" />
			<Option target="default" />
		</Unit>
		<Unit filename="FusionEngine\FusionServerEnvironment.cpp">
			<Option compilerVar="CPP" />
			<Option target="default" />
		</Unit>
		<Unit filename="FusionEngine\FusionServerEnvironment.h">
			<Option compilerVar="" />
			<Option compile="0" />
			<Option link="0" />
			<Option target="default" />
		</Unit>
		<Unit filename="FusionEngine\FusionServerOptions.cpp">
			<Option compilerVar="CPP" />
			<Option target="default" />
		</Unit>
		<Unit filename="FusionEngine\FusionServerOptions.h">
			<Option compilerVar="" />
			<Option compile="0" />
			<Option link="0" />
			<Option target="default" />
		</Unit>
		<Unit filename="FusionEngine\FusionShip.cpp">
			<Option compilerVar="CPP" />
			<Option target="default" />
		</Unit>
		<Unit filename="FusionEngine\FusionShipDrawable.cpp">
			<Option compilerVar="CPP" />
			<Option target="default" />
		</Unit>
		<Unit filename="FusionEngine\FusionShipDrawable.h">
			<Option compilerVar="" />
			<Option compile="0" />
			<Option link="0" />
			<Option target="default" />
		</Unit>
		<Unit filename="FusionEngine\FusionShipEngine.cpp">
			<Option compilerVar="CPP" />
			<Option target="default" />
		</Unit>
		<Unit filename="FusionEngine\FusionShipEngine.h">
			<Option compilerVar="" />
			<Option compile="0" />
			<Option link="0" />
			<Option target="default" />
		</Unit>
		<Unit filename="FusionEngine\FusionShipFactory.h">
			<Option compilerVar="" />
			<Option compile="0" />
			<Option link="0" />
			<Option target="default" />
		</Unit>
		<Unit filename="FusionEngine\FusionShipFrame.cpp">
			<Option compilerVar="CPP" />
			<Option target="default" />
		</Unit>
		<Unit filename="FusionEngine\FusionShipFrame.h">
			<Option compilerVar="" />
			<Option compile="0" />
			<Option link="0" />
			<Option target="default" />
		</Unit>
		<Unit filename="FusionEngine\FusionShipResource.cpp">
			<Option compilerVar="CPP" />
			<Option target="default" />
		</Unit>
		<Unit filename="FusionEngine\FusionShipResource.h">
			<Option compilerVar="" />
			<Option compile="0" />
			<Option link="0" />
			<Option target="default" />
		</Unit>
		<Unit filename="FusionEngine\FusionShipResponse.cpp">
			<Option compilerVar="CPP" />
			<Option target="default" />
		</Unit>
		<Unit filename="FusionEngine\FusionShipResponse.h">
			<Option compilerVar="" />
			<Option compile="0" />
			<Option link="0" />
			<Option target="default" />
		</Unit>
		<Unit filename="FusionEngine\FusionShipState.h">
			<Option compilerVar="" />
			<Option compile="0" />
			<Option link="0" />
			<Option target="default" />
		</Unit>
		<Unit filename="FusionEngine\FusionShipWeapon.h">
			<Option compilerVar="" />
			<Option compile="0" />
			<Option link="0" />
			<Option target="default" />
		</Unit>
		<Unit filename="FusionEngine\FusionState.h">
			<Option compilerVar="" />
			<Option compile="0" />
			<Option link="0" />
			<Option target="default" />
		</Unit>
		<Unit filename="FusionEngine\FusionStateData.h">
			<Option compilerVar="" />
			<Option compile="0" />
			<Option link="0" />
			<Option target="default" />
		</Unit>
		<Unit filename="FusionEngine\FusionStateManager.cpp">
			<Option compilerVar="CPP" />
			<Option target="default" />
		</Unit>
		<Unit filename="FusionEngine\FusionStateManager.h">
			<Option compilerVar="" />
			<Option compile="0" />
			<Option link="0" />
			<Option target="default" />
		</Unit>
		<Unit filename="FusionEngine\FusionStringVector.h">
			<Option compilerVar="" />
			<Option compile="0" />
			<Option link="0" />
			<Option target="default" />
		</Unit>
		<Unit filename="FusionEngine\Prereq.h">
			<Option compilerVar="" />
			<Option compile="0" />
			<Option link="0" />
			<Option target="default" />
		</Unit>
		<Unit filename="FusionEngine\bitmask.c">
			<Option compilerVar="CC" />
			<Option target="default" />
		</Unit>
		<Unit filename="FusionEngine\bitmask.h">
			<Option compilerVar="" />
			<Option compile="0" />
			<Option link="0" />
			<Option target="default" />
		</Unit>
		<Extensions />
	</Project>
</CodeBlocks_project_file>
