
Microsoft Visual Studio Solution File, Format Version 12.00
# Visual Studio 2012
Project("{2150E333-8FDC-42A3-9474-1A3956D46DE8}") = "Solution Items", "Solution Items", "{344E8196-5D6A-4978-9572-5D7FFB3ECBCD}"
EndProject
Project("{8BC9CEB8-8B4A-11D0-8D11-00A0C91BC942}") = "tinyxml", "external\tinyxml\tinyxml.vcxproj", "{80EEC939-EE99-4428-9C34-8D08F8D1940A}"
EndProject
Project("{8BC9CEB8-8B4A-11D0-8D11-00A0C91BC942}") = "minizip", "external\minizip\minizip.vcxproj", "{23B092D0-F753-463D-8FB7-CA5AD1B4B6B8}"
EndProject
Project("{8BC9CEB8-8B4A-11D0-8D11-00A0C91BC942}") = "Common", "Common\Common.vcxproj", "{182A4CE9-6A30-48A2-A72F-B9D0CFFF56F0}"
EndProject
Project("{2150E333-8FDC-42A3-9474-1A3956D46DE8}") = "Unit Tests", "Unit Tests", "{BFFCE528-BBDB-45CE-A16E-B164460E202E}"
EndProject
Project("{8BC9CEB8-8B4A-11D0-8D11-00A0C91BC942}") = "CommonTests", "UnitTests\CommonTests\CommonTests.vcxproj", "{EDB8D577-CBD9-4101-8FB6-3E92DD64D9D3}"
EndProject
Project("{8BC9CEB8-8B4A-11D0-8D11-00A0C91BC942}") = "ComponentInterface", "ComponentInterface\ComponentInterface.vcxproj", "{1F9D2082-7977-40A2-95A6-C254DD2CD660}"
EndProject
Project("{8BC9CEB8-8B4A-11D0-8D11-00A0C91BC942}") = "EngineFramework", "EngineFramework\EngineFramework.vcxproj", "{47A1A46F-AE7A-4164-A99B-4722BE79B8A3}"
EndProject
Project("{8BC9CEB8-8B4A-11D0-8D11-00A0C91BC942}") = "Visual", "Visual\Visual.vcxproj", "{BBEB0CFC-DE25-45F1-AF3F-FC8DA7C63887}"
EndProject
Project("{2150E333-8FDC-42A3-9474-1A3956D46DE8}") = "Systems", "Systems", "{2C257322-54BD-4544-900C-BD9218AAA0AD}"
EndProject
Project("{8BC9CEB8-8B4A-11D0-8D11-00A0C91BC942}") = "AngelScriptSystem", "Systems\AngelScript\AngelScript.vcxproj", "{4FEAD078-4B8B-4B9F-BC45-0246912887FC}"
EndProject
Project("{8BC9CEB8-8B4A-11D0-8D11-00A0C91BC942}") = "ClanLibRenderingSystem", "Systems\ClanLibRendering\ClanLibRendering.vcxproj", "{9CC264DC-13E7-4004-8548-ACAD64E1D5D8}"
EndProject
Project("{8BC9CEB8-8B4A-11D0-8D11-00A0C91BC942}") = "Box2DSystem", "Systems\Box2D\Box2D.vcxproj", "{1739FE4C-30E3-4D40-B7A5-EAD5B5459E32}"
EndProject
Project("{2150E333-8FDC-42A3-9474-1A3956D46DE8}") = "external", "external", "{2DE2E0BC-6AF5-4921-A6F8-18A2F7EB83C5}"
EndProject
Project("{8BC9CEB8-8B4A-11D0-8D11-00A0C91BC942}") = "Network", "Network\Network.vcxproj", "{80CBB172-CB75-4B4E-AAD8-EBCE1301971B}"
EndProject
Project("{8BC9CEB8-8B4A-11D0-8D11-00A0C91BC942}") = "Input", "Input\Input.vcxproj", "{A16CD0DB-0D43-4611-88E6-D2203CB9511B}"
EndProject
Project("{2150E333-8FDC-42A3-9474-1A3956D46DE8}") = "Low Level Abstraction", "Low Level Abstraction", "{172373A8-AFB1-4E07-BB38-767B581ED49B}"
EndProject
Project("{8BC9CEB8-8B4A-11D0-8D11-00A0C91BC942}") = "Editor", "Editor\Editor.vcxproj", "{C170AF60-D1CE-4485-924A-00186FBB6987}"
EndProject
Project("{8BC9CEB8-8B4A-11D0-8D11-00A0C91BC942}") = "Fusion", "Fusion\Fusion.vcxproj", "{029C4EFF-D331-46AA-BAB3-EB7B29D8EC43}"
EndProject
Project("{8BC9CEB8-8B4A-11D0-8D11-00A0C91BC942}") = "EngineFrameworkTests", "UnitTests\EngineFrameworkTests\EngineFrameworkTests.vcxproj", "{95DF64CF-3BB1-414A-8861-43F9BDF500D7}"
EndProject
Project("{8BC9CEB8-8B4A-11D0-8D11-00A0C91BC942}") = "EditorProtocol", "EditorProtocol\EditorProtocol.vcxproj", "{C1164CF6-324B-49DA-98C1-9AD28D0C5D3E}"
EndProject
Project("{8BC9CEB8-8B4A-11D0-8D11-00A0C91BC942}") = "EditorServer", "EditorServer\EditorServer.vcxproj", "{0EBFF5FA-A633-4821-BCAB-0031BAB36260}"
EndProject
Project("{FAE04EC0-301F-11D3-BF4B-00C04F79EFBC}") = "EditorWinForms", "EditorWinForms\EditorWinForms.csproj", "{96EAEED1-3028-431B-93A1-A022BC183A8D}"
	ProjectSection(ProjectDependencies) = postProject
		{0EBFF5FA-A633-4821-BCAB-0031BAB36260} = {0EBFF5FA-A633-4821-BCAB-0031BAB36260}
	EndProjectSection
EndProject
Project("{FAE04EC0-301F-11D3-BF4B-00C04F79EFBC}") = "AutocompleteMenu", "EditorWinForms\AutocompleteMenu\AutocompleteMenu.csproj", "{43CBC9AA-6A8E-463F-83A9-AFF3124AFDB6}"
EndProject
Project("{2150E333-8FDC-42A3-9474-1A3956D46DE8}") = "EditorApp", "EditorApp", "{93BC99BD-416E-4CE5-ACF0-1A38C9C2D588}"
EndProject
Global
	GlobalSection(SolutionConfigurationPlatforms) = preSolution
		Debug|Any CPU = Debug|Any CPU
		Debug|Mixed Platforms = Debug|Mixed Platforms
		Debug|Win32 = Debug|Win32
		Fast Debug|Any CPU = Fast Debug|Any CPU
		Fast Debug|Mixed Platforms = Fast Debug|Mixed Platforms
		Fast Debug|Win32 = Fast Debug|Win32
		Release|Any CPU = Release|Any CPU
		Release|Mixed Platforms = Release|Mixed Platforms
		Release|Win32 = Release|Win32
	EndGlobalSection
	GlobalSection(ProjectConfigurationPlatforms) = postSolution
		{80EEC939-EE99-4428-9C34-8D08F8D1940A}.Debug|Any CPU.ActiveCfg = Debug|Win32
		{80EEC939-EE99-4428-9C34-8D08F8D1940A}.Debug|Mixed Platforms.ActiveCfg = Debug|Win32
		{80EEC939-EE99-4428-9C34-8D08F8D1940A}.Debug|Mixed Platforms.Build.0 = Debug|Win32
		{80EEC939-EE99-4428-9C34-8D08F8D1940A}.Debug|Win32.ActiveCfg = Debug|Win32
		{80EEC939-EE99-4428-9C34-8D08F8D1940A}.Debug|Win32.Build.0 = Debug|Win32
		{80EEC939-EE99-4428-9C34-8D08F8D1940A}.Fast Debug|Any CPU.ActiveCfg = Fast Debug|Win32
		{80EEC939-EE99-4428-9C34-8D08F8D1940A}.Fast Debug|Mixed Platforms.ActiveCfg = Fast Debug|Win32
		{80EEC939-EE99-4428-9C34-8D08F8D1940A}.Fast Debug|Mixed Platforms.Build.0 = Fast Debug|Win32
		{80EEC939-EE99-4428-9C34-8D08F8D1940A}.Fast Debug|Win32.ActiveCfg = Fast Debug|Win32
		{80EEC939-EE99-4428-9C34-8D08F8D1940A}.Fast Debug|Win32.Build.0 = Fast Debug|Win32
		{80EEC939-EE99-4428-9C34-8D08F8D1940A}.Release|Any CPU.ActiveCfg = Release|Win32
		{80EEC939-EE99-4428-9C34-8D08F8D1940A}.Release|Mixed Platforms.ActiveCfg = Release|Win32
		{80EEC939-EE99-4428-9C34-8D08F8D1940A}.Release|Mixed Platforms.Build.0 = Release|Win32
		{80EEC939-EE99-4428-9C34-8D08F8D1940A}.Release|Win32.ActiveCfg = Release|Win32
		{80EEC939-EE99-4428-9C34-8D08F8D1940A}.Release|Win32.Build.0 = Release|Win32
		{23B092D0-F753-463D-8FB7-CA5AD1B4B6B8}.Debug|Any CPU.ActiveCfg = Debug|Win32
		{23B092D0-F753-463D-8FB7-CA5AD1B4B6B8}.Debug|Mixed Platforms.ActiveCfg = Debug|Win32
		{23B092D0-F753-463D-8FB7-CA5AD1B4B6B8}.Debug|Mixed Platforms.Build.0 = Debug|Win32
		{23B092D0-F753-463D-8FB7-CA5AD1B4B6B8}.Debug|Win32.ActiveCfg = Debug|Win32
		{23B092D0-F753-463D-8FB7-CA5AD1B4B6B8}.Debug|Win32.Build.0 = Debug|Win32
		{23B092D0-F753-463D-8FB7-CA5AD1B4B6B8}.Fast Debug|Any CPU.ActiveCfg = Fast Debug|Win32
		{23B092D0-F753-463D-8FB7-CA5AD1B4B6B8}.Fast Debug|Mixed Platforms.ActiveCfg = Fast Debug|Win32
		{23B092D0-F753-463D-8FB7-CA5AD1B4B6B8}.Fast Debug|Mixed Platforms.Build.0 = Fast Debug|Win32
		{23B092D0-F753-463D-8FB7-CA5AD1B4B6B8}.Fast Debug|Win32.ActiveCfg = Fast Debug|Win32
		{23B092D0-F753-463D-8FB7-CA5AD1B4B6B8}.Fast Debug|Win32.Build.0 = Fast Debug|Win32
		{23B092D0-F753-463D-8FB7-CA5AD1B4B6B8}.Release|Any CPU.ActiveCfg = Release|Win32
		{23B092D0-F753-463D-8FB7-CA5AD1B4B6B8}.Release|Mixed Platforms.ActiveCfg = Release|Win32
		{23B092D0-F753-463D-8FB7-CA5AD1B4B6B8}.Release|Mixed Platforms.Build.0 = Release|Win32
		{23B092D0-F753-463D-8FB7-CA5AD1B4B6B8}.Release|Win32.ActiveCfg = Release|Win32
		{23B092D0-F753-463D-8FB7-CA5AD1B4B6B8}.Release|Win32.Build.0 = Release|Win32
		{182A4CE9-6A30-48A2-A72F-B9D0CFFF56F0}.Debug|Any CPU.ActiveCfg = Debug|Win32
		{182A4CE9-6A30-48A2-A72F-B9D0CFFF56F0}.Debug|Mixed Platforms.ActiveCfg = Debug|Win32
		{182A4CE9-6A30-48A2-A72F-B9D0CFFF56F0}.Debug|Mixed Platforms.Build.0 = Debug|Win32
		{182A4CE9-6A30-48A2-A72F-B9D0CFFF56F0}.Debug|Win32.ActiveCfg = Debug|Win32
		{182A4CE9-6A30-48A2-A72F-B9D0CFFF56F0}.Debug|Win32.Build.0 = Debug|Win32
		{182A4CE9-6A30-48A2-A72F-B9D0CFFF56F0}.Fast Debug|Any CPU.ActiveCfg = Fast Debug|Win32
		{182A4CE9-6A30-48A2-A72F-B9D0CFFF56F0}.Fast Debug|Mixed Platforms.ActiveCfg = Fast Debug|Win32
		{182A4CE9-6A30-48A2-A72F-B9D0CFFF56F0}.Fast Debug|Mixed Platforms.Build.0 = Fast Debug|Win32
		{182A4CE9-6A30-48A2-A72F-B9D0CFFF56F0}.Fast Debug|Win32.ActiveCfg = Fast Debug|Win32
		{182A4CE9-6A30-48A2-A72F-B9D0CFFF56F0}.Fast Debug|Win32.Build.0 = Fast Debug|Win32
		{182A4CE9-6A30-48A2-A72F-B9D0CFFF56F0}.Release|Any CPU.ActiveCfg = Release|Win32
		{182A4CE9-6A30-48A2-A72F-B9D0CFFF56F0}.Release|Mixed Platforms.ActiveCfg = Release|Win32
		{182A4CE9-6A30-48A2-A72F-B9D0CFFF56F0}.Release|Mixed Platforms.Build.0 = Release|Win32
		{182A4CE9-6A30-48A2-A72F-B9D0CFFF56F0}.Release|Win32.ActiveCfg = Release|Win32
		{182A4CE9-6A30-48A2-A72F-B9D0CFFF56F0}.Release|Win32.Build.0 = Release|Win32
		{EDB8D577-CBD9-4101-8FB6-3E92DD64D9D3}.Debug|Any CPU.ActiveCfg = Debug|Win32
		{EDB8D577-CBD9-4101-8FB6-3E92DD64D9D3}.Debug|Mixed Platforms.ActiveCfg = Debug|Win32
		{EDB8D577-CBD9-4101-8FB6-3E92DD64D9D3}.Debug|Mixed Platforms.Build.0 = Debug|Win32
		{EDB8D577-CBD9-4101-8FB6-3E92DD64D9D3}.Debug|Win32.ActiveCfg = Debug|Win32
		{EDB8D577-CBD9-4101-8FB6-3E92DD64D9D3}.Debug|Win32.Build.0 = Debug|Win32
		{EDB8D577-CBD9-4101-8FB6-3E92DD64D9D3}.Fast Debug|Any CPU.ActiveCfg = Fast Debug|Win32
		{EDB8D577-CBD9-4101-8FB6-3E92DD64D9D3}.Fast Debug|Mixed Platforms.ActiveCfg = Fast Debug|Win32
		{EDB8D577-CBD9-4101-8FB6-3E92DD64D9D3}.Fast Debug|Mixed Platforms.Build.0 = Fast Debug|Win32
		{EDB8D577-CBD9-4101-8FB6-3E92DD64D9D3}.Fast Debug|Win32.ActiveCfg = Fast Debug|Win32
		{EDB8D577-CBD9-4101-8FB6-3E92DD64D9D3}.Fast Debug|Win32.Build.0 = Fast Debug|Win32
		{EDB8D577-CBD9-4101-8FB6-3E92DD64D9D3}.Release|Any CPU.ActiveCfg = Release|Win32
		{EDB8D577-CBD9-4101-8FB6-3E92DD64D9D3}.Release|Mixed Platforms.ActiveCfg = Release|Win32
		{EDB8D577-CBD9-4101-8FB6-3E92DD64D9D3}.Release|Mixed Platforms.Build.0 = Release|Win32
		{EDB8D577-CBD9-4101-8FB6-3E92DD64D9D3}.Release|Win32.ActiveCfg = Release|Win32
		{EDB8D577-CBD9-4101-8FB6-3E92DD64D9D3}.Release|Win32.Build.0 = Release|Win32
		{1F9D2082-7977-40A2-95A6-C254DD2CD660}.Debug|Any CPU.ActiveCfg = Debug|Win32
		{1F9D2082-7977-40A2-95A6-C254DD2CD660}.Debug|Mixed Platforms.ActiveCfg = Debug|Win32
		{1F9D2082-7977-40A2-95A6-C254DD2CD660}.Debug|Mixed Platforms.Build.0 = Debug|Win32
		{1F9D2082-7977-40A2-95A6-C254DD2CD660}.Debug|Win32.ActiveCfg = Debug|Win32
		{1F9D2082-7977-40A2-95A6-C254DD2CD660}.Debug|Win32.Build.0 = Debug|Win32
		{1F9D2082-7977-40A2-95A6-C254DD2CD660}.Fast Debug|Any CPU.ActiveCfg = Fast Debug|Win32
		{1F9D2082-7977-40A2-95A6-C254DD2CD660}.Fast Debug|Mixed Platforms.ActiveCfg = Fast Debug|Win32
		{1F9D2082-7977-40A2-95A6-C254DD2CD660}.Fast Debug|Mixed Platforms.Build.0 = Fast Debug|Win32
		{1F9D2082-7977-40A2-95A6-C254DD2CD660}.Fast Debug|Win32.ActiveCfg = Fast Debug|Win32
		{1F9D2082-7977-40A2-95A6-C254DD2CD660}.Fast Debug|Win32.Build.0 = Fast Debug|Win32
		{1F9D2082-7977-40A2-95A6-C254DD2CD660}.Release|Any CPU.ActiveCfg = Release|Win32
		{1F9D2082-7977-40A2-95A6-C254DD2CD660}.Release|Mixed Platforms.ActiveCfg = Release|Win32
		{1F9D2082-7977-40A2-95A6-C254DD2CD660}.Release|Mixed Platforms.Build.0 = Release|Win32
		{1F9D2082-7977-40A2-95A6-C254DD2CD660}.Release|Win32.ActiveCfg = Release|Win32
		{1F9D2082-7977-40A2-95A6-C254DD2CD660}.Release|Win32.Build.0 = Release|Win32
		{47A1A46F-AE7A-4164-A99B-4722BE79B8A3}.Debug|Any CPU.ActiveCfg = Debug|Win32
		{47A1A46F-AE7A-4164-A99B-4722BE79B8A3}.Debug|Mixed Platforms.ActiveCfg = Debug|Win32
		{47A1A46F-AE7A-4164-A99B-4722BE79B8A3}.Debug|Mixed Platforms.Build.0 = Debug|Win32
		{47A1A46F-AE7A-4164-A99B-4722BE79B8A3}.Debug|Win32.ActiveCfg = Debug|Win32
		{47A1A46F-AE7A-4164-A99B-4722BE79B8A3}.Debug|Win32.Build.0 = Debug|Win32
		{47A1A46F-AE7A-4164-A99B-4722BE79B8A3}.Fast Debug|Any CPU.ActiveCfg = Fast Debug|Win32
		{47A1A46F-AE7A-4164-A99B-4722BE79B8A3}.Fast Debug|Mixed Platforms.ActiveCfg = Fast Debug|Win32
		{47A1A46F-AE7A-4164-A99B-4722BE79B8A3}.Fast Debug|Mixed Platforms.Build.0 = Fast Debug|Win32
		{47A1A46F-AE7A-4164-A99B-4722BE79B8A3}.Fast Debug|Win32.ActiveCfg = Fast Debug|Win32
		{47A1A46F-AE7A-4164-A99B-4722BE79B8A3}.Fast Debug|Win32.Build.0 = Fast Debug|Win32
		{47A1A46F-AE7A-4164-A99B-4722BE79B8A3}.Release|Any CPU.ActiveCfg = Release|Win32
		{47A1A46F-AE7A-4164-A99B-4722BE79B8A3}.Release|Mixed Platforms.ActiveCfg = Release|Win32
		{47A1A46F-AE7A-4164-A99B-4722BE79B8A3}.Release|Mixed Platforms.Build.0 = Release|Win32
		{47A1A46F-AE7A-4164-A99B-4722BE79B8A3}.Release|Win32.ActiveCfg = Release|Win32
		{47A1A46F-AE7A-4164-A99B-4722BE79B8A3}.Release|Win32.Build.0 = Release|Win32
		{BBEB0CFC-DE25-45F1-AF3F-FC8DA7C63887}.Debug|Any CPU.ActiveCfg = Debug|Win32
		{BBEB0CFC-DE25-45F1-AF3F-FC8DA7C63887}.Debug|Mixed Platforms.ActiveCfg = Debug|Win32
		{BBEB0CFC-DE25-45F1-AF3F-FC8DA7C63887}.Debug|Mixed Platforms.Build.0 = Debug|Win32
		{BBEB0CFC-DE25-45F1-AF3F-FC8DA7C63887}.Debug|Win32.ActiveCfg = Debug|Win32
		{BBEB0CFC-DE25-45F1-AF3F-FC8DA7C63887}.Debug|Win32.Build.0 = Debug|Win32
		{BBEB0CFC-DE25-45F1-AF3F-FC8DA7C63887}.Fast Debug|Any CPU.ActiveCfg = Fast Debug|Win32
		{BBEB0CFC-DE25-45F1-AF3F-FC8DA7C63887}.Fast Debug|Mixed Platforms.ActiveCfg = Fast Debug|Win32
		{BBEB0CFC-DE25-45F1-AF3F-FC8DA7C63887}.Fast Debug|Mixed Platforms.Build.0 = Fast Debug|Win32
		{BBEB0CFC-DE25-45F1-AF3F-FC8DA7C63887}.Fast Debug|Win32.ActiveCfg = Fast Debug|Win32
		{BBEB0CFC-DE25-45F1-AF3F-FC8DA7C63887}.Fast Debug|Win32.Build.0 = Fast Debug|Win32
		{BBEB0CFC-DE25-45F1-AF3F-FC8DA7C63887}.Release|Any CPU.ActiveCfg = Release|Win32
		{BBEB0CFC-DE25-45F1-AF3F-FC8DA7C63887}.Release|Mixed Platforms.ActiveCfg = Release|Win32
		{BBEB0CFC-DE25-45F1-AF3F-FC8DA7C63887}.Release|Mixed Platforms.Build.0 = Release|Win32
		{BBEB0CFC-DE25-45F1-AF3F-FC8DA7C63887}.Release|Win32.ActiveCfg = Release|Win32
		{BBEB0CFC-DE25-45F1-AF3F-FC8DA7C63887}.Release|Win32.Build.0 = Release|Win32
		{4FEAD078-4B8B-4B9F-BC45-0246912887FC}.Debug|Any CPU.ActiveCfg = Debug|Win32
		{4FEAD078-4B8B-4B9F-BC45-0246912887FC}.Debug|Mixed Platforms.ActiveCfg = Debug|Win32
		{4FEAD078-4B8B-4B9F-BC45-0246912887FC}.Debug|Mixed Platforms.Build.0 = Debug|Win32
		{4FEAD078-4B8B-4B9F-BC45-0246912887FC}.Debug|Win32.ActiveCfg = Debug|Win32
		{4FEAD078-4B8B-4B9F-BC45-0246912887FC}.Debug|Win32.Build.0 = Debug|Win32
		{4FEAD078-4B8B-4B9F-BC45-0246912887FC}.Fast Debug|Any CPU.ActiveCfg = Fast Debug|Win32
		{4FEAD078-4B8B-4B9F-BC45-0246912887FC}.Fast Debug|Mixed Platforms.ActiveCfg = Fast Debug|Win32
		{4FEAD078-4B8B-4B9F-BC45-0246912887FC}.Fast Debug|Mixed Platforms.Build.0 = Fast Debug|Win32
		{4FEAD078-4B8B-4B9F-BC45-0246912887FC}.Fast Debug|Win32.ActiveCfg = Fast Debug|Win32
		{4FEAD078-4B8B-4B9F-BC45-0246912887FC}.Fast Debug|Win32.Build.0 = Fast Debug|Win32
		{4FEAD078-4B8B-4B9F-BC45-0246912887FC}.Release|Any CPU.ActiveCfg = Release|Win32
		{4FEAD078-4B8B-4B9F-BC45-0246912887FC}.Release|Mixed Platforms.ActiveCfg = Release|Win32
		{4FEAD078-4B8B-4B9F-BC45-0246912887FC}.Release|Mixed Platforms.Build.0 = Release|Win32
		{4FEAD078-4B8B-4B9F-BC45-0246912887FC}.Release|Win32.ActiveCfg = Release|Win32
		{4FEAD078-4B8B-4B9F-BC45-0246912887FC}.Release|Win32.Build.0 = Release|Win32
		{9CC264DC-13E7-4004-8548-ACAD64E1D5D8}.Debug|Any CPU.ActiveCfg = Debug|Win32
		{9CC264DC-13E7-4004-8548-ACAD64E1D5D8}.Debug|Mixed Platforms.ActiveCfg = Debug|Win32
		{9CC264DC-13E7-4004-8548-ACAD64E1D5D8}.Debug|Mixed Platforms.Build.0 = Debug|Win32
		{9CC264DC-13E7-4004-8548-ACAD64E1D5D8}.Debug|Win32.ActiveCfg = Debug|Win32
		{9CC264DC-13E7-4004-8548-ACAD64E1D5D8}.Debug|Win32.Build.0 = Debug|Win32
		{9CC264DC-13E7-4004-8548-ACAD64E1D5D8}.Fast Debug|Any CPU.ActiveCfg = Fast Debug|Win32
		{9CC264DC-13E7-4004-8548-ACAD64E1D5D8}.Fast Debug|Mixed Platforms.ActiveCfg = Fast Debug|Win32
		{9CC264DC-13E7-4004-8548-ACAD64E1D5D8}.Fast Debug|Mixed Platforms.Build.0 = Fast Debug|Win32
		{9CC264DC-13E7-4004-8548-ACAD64E1D5D8}.Fast Debug|Win32.ActiveCfg = Fast Debug|Win32
		{9CC264DC-13E7-4004-8548-ACAD64E1D5D8}.Fast Debug|Win32.Build.0 = Fast Debug|Win32
		{9CC264DC-13E7-4004-8548-ACAD64E1D5D8}.Release|Any CPU.ActiveCfg = Release|Win32
		{9CC264DC-13E7-4004-8548-ACAD64E1D5D8}.Release|Mixed Platforms.ActiveCfg = Release|Win32
		{9CC264DC-13E7-4004-8548-ACAD64E1D5D8}.Release|Mixed Platforms.Build.0 = Release|Win32
		{9CC264DC-13E7-4004-8548-ACAD64E1D5D8}.Release|Win32.ActiveCfg = Release|Win32
		{9CC264DC-13E7-4004-8548-ACAD64E1D5D8}.Release|Win32.Build.0 = Release|Win32
		{1739FE4C-30E3-4D40-B7A5-EAD5B5459E32}.Debug|Any CPU.ActiveCfg = Debug|Win32
		{1739FE4C-30E3-4D40-B7A5-EAD5B5459E32}.Debug|Mixed Platforms.ActiveCfg = Debug|Win32
		{1739FE4C-30E3-4D40-B7A5-EAD5B5459E32}.Debug|Mixed Platforms.Build.0 = Debug|Win32
		{1739FE4C-30E3-4D40-B7A5-EAD5B5459E32}.Debug|Win32.ActiveCfg = Debug|Win32
		{1739FE4C-30E3-4D40-B7A5-EAD5B5459E32}.Debug|Win32.Build.0 = Debug|Win32
		{1739FE4C-30E3-4D40-B7A5-EAD5B5459E32}.Fast Debug|Any CPU.ActiveCfg = Fast Debug|Win32
		{1739FE4C-30E3-4D40-B7A5-EAD5B5459E32}.Fast Debug|Mixed Platforms.ActiveCfg = Fast Debug|Win32
		{1739FE4C-30E3-4D40-B7A5-EAD5B5459E32}.Fast Debug|Mixed Platforms.Build.0 = Fast Debug|Win32
		{1739FE4C-30E3-4D40-B7A5-EAD5B5459E32}.Fast Debug|Win32.ActiveCfg = Fast Debug|Win32
		{1739FE4C-30E3-4D40-B7A5-EAD5B5459E32}.Fast Debug|Win32.Build.0 = Fast Debug|Win32
		{1739FE4C-30E3-4D40-B7A5-EAD5B5459E32}.Release|Any CPU.ActiveCfg = Release|Win32
		{1739FE4C-30E3-4D40-B7A5-EAD5B5459E32}.Release|Mixed Platforms.ActiveCfg = Release|Win32
		{1739FE4C-30E3-4D40-B7A5-EAD5B5459E32}.Release|Mixed Platforms.Build.0 = Release|Win32
		{1739FE4C-30E3-4D40-B7A5-EAD5B5459E32}.Release|Win32.ActiveCfg = Release|Win32
		{1739FE4C-30E3-4D40-B7A5-EAD5B5459E32}.Release|Win32.Build.0 = Release|Win32
		{80CBB172-CB75-4B4E-AAD8-EBCE1301971B}.Debug|Any CPU.ActiveCfg = Debug|Win32
		{80CBB172-CB75-4B4E-AAD8-EBCE1301971B}.Debug|Mixed Platforms.ActiveCfg = Debug|Win32
		{80CBB172-CB75-4B4E-AAD8-EBCE1301971B}.Debug|Mixed Platforms.Build.0 = Debug|Win32
		{80CBB172-CB75-4B4E-AAD8-EBCE1301971B}.Debug|Win32.ActiveCfg = Debug|Win32
		{80CBB172-CB75-4B4E-AAD8-EBCE1301971B}.Debug|Win32.Build.0 = Debug|Win32
		{80CBB172-CB75-4B4E-AAD8-EBCE1301971B}.Fast Debug|Any CPU.ActiveCfg = Fast Debug|Win32
		{80CBB172-CB75-4B4E-AAD8-EBCE1301971B}.Fast Debug|Mixed Platforms.ActiveCfg = Fast Debug|Win32
		{80CBB172-CB75-4B4E-AAD8-EBCE1301971B}.Fast Debug|Mixed Platforms.Build.0 = Fast Debug|Win32
		{80CBB172-CB75-4B4E-AAD8-EBCE1301971B}.Fast Debug|Win32.ActiveCfg = Fast Debug|Win32
		{80CBB172-CB75-4B4E-AAD8-EBCE1301971B}.Fast Debug|Win32.Build.0 = Fast Debug|Win32
		{80CBB172-CB75-4B4E-AAD8-EBCE1301971B}.Release|Any CPU.ActiveCfg = Release|Win32
		{80CBB172-CB75-4B4E-AAD8-EBCE1301971B}.Release|Mixed Platforms.ActiveCfg = Release|Win32
		{80CBB172-CB75-4B4E-AAD8-EBCE1301971B}.Release|Mixed Platforms.Build.0 = Release|Win32
		{80CBB172-CB75-4B4E-AAD8-EBCE1301971B}.Release|Win32.ActiveCfg = Release|Win32
		{80CBB172-CB75-4B4E-AAD8-EBCE1301971B}.Release|Win32.Build.0 = Release|Win32
		{A16CD0DB-0D43-4611-88E6-D2203CB9511B}.Debug|Any CPU.ActiveCfg = Debug|Win32
		{A16CD0DB-0D43-4611-88E6-D2203CB9511B}.Debug|Mixed Platforms.ActiveCfg = Debug|Win32
		{A16CD0DB-0D43-4611-88E6-D2203CB9511B}.Debug|Mixed Platforms.Build.0 = Debug|Win32
		{A16CD0DB-0D43-4611-88E6-D2203CB9511B}.Debug|Win32.ActiveCfg = Debug|Win32
		{A16CD0DB-0D43-4611-88E6-D2203CB9511B}.Debug|Win32.Build.0 = Debug|Win32
		{A16CD0DB-0D43-4611-88E6-D2203CB9511B}.Fast Debug|Any CPU.ActiveCfg = Fast Debug|Win32
		{A16CD0DB-0D43-4611-88E6-D2203CB9511B}.Fast Debug|Mixed Platforms.ActiveCfg = Fast Debug|Win32
		{A16CD0DB-0D43-4611-88E6-D2203CB9511B}.Fast Debug|Mixed Platforms.Build.0 = Fast Debug|Win32
		{A16CD0DB-0D43-4611-88E6-D2203CB9511B}.Fast Debug|Win32.ActiveCfg = Fast Debug|Win32
		{A16CD0DB-0D43-4611-88E6-D2203CB9511B}.Fast Debug|Win32.Build.0 = Fast Debug|Win32
		{A16CD0DB-0D43-4611-88E6-D2203CB9511B}.Release|Any CPU.ActiveCfg = Release|Win32
		{A16CD0DB-0D43-4611-88E6-D2203CB9511B}.Release|Mixed Platforms.ActiveCfg = Release|Win32
		{A16CD0DB-0D43-4611-88E6-D2203CB9511B}.Release|Mixed Platforms.Build.0 = Release|Win32
		{A16CD0DB-0D43-4611-88E6-D2203CB9511B}.Release|Win32.ActiveCfg = Release|Win32
		{A16CD0DB-0D43-4611-88E6-D2203CB9511B}.Release|Win32.Build.0 = Release|Win32
		{C170AF60-D1CE-4485-924A-00186FBB6987}.Debug|Any CPU.ActiveCfg = Debug|Win32
		{C170AF60-D1CE-4485-924A-00186FBB6987}.Debug|Mixed Platforms.ActiveCfg = Debug|Win32
		{C170AF60-D1CE-4485-924A-00186FBB6987}.Debug|Mixed Platforms.Build.0 = Debug|Win32
		{C170AF60-D1CE-4485-924A-00186FBB6987}.Debug|Win32.ActiveCfg = Debug|Win32
		{C170AF60-D1CE-4485-924A-00186FBB6987}.Debug|Win32.Build.0 = Debug|Win32
		{C170AF60-D1CE-4485-924A-00186FBB6987}.Fast Debug|Any CPU.ActiveCfg = Fast Debug|Win32
		{C170AF60-D1CE-4485-924A-00186FBB6987}.Fast Debug|Mixed Platforms.ActiveCfg = Fast Debug|Win32
		{C170AF60-D1CE-4485-924A-00186FBB6987}.Fast Debug|Mixed Platforms.Build.0 = Fast Debug|Win32
		{C170AF60-D1CE-4485-924A-00186FBB6987}.Fast Debug|Win32.ActiveCfg = Fast Debug|Win32
		{C170AF60-D1CE-4485-924A-00186FBB6987}.Fast Debug|Win32.Build.0 = Fast Debug|Win32
		{C170AF60-D1CE-4485-924A-00186FBB6987}.Release|Any CPU.ActiveCfg = Release|Win32
		{C170AF60-D1CE-4485-924A-00186FBB6987}.Release|Mixed Platforms.ActiveCfg = Release|Win32
		{C170AF60-D1CE-4485-924A-00186FBB6987}.Release|Mixed Platforms.Build.0 = Release|Win32
		{C170AF60-D1CE-4485-924A-00186FBB6987}.Release|Win32.ActiveCfg = Release|Win32
		{C170AF60-D1CE-4485-924A-00186FBB6987}.Release|Win32.Build.0 = Release|Win32
		{029C4EFF-D331-46AA-BAB3-EB7B29D8EC43}.Debug|Any CPU.ActiveCfg = Debug|Win32
		{029C4EFF-D331-46AA-BAB3-EB7B29D8EC43}.Debug|Mixed Platforms.ActiveCfg = Debug|Win32
		{029C4EFF-D331-46AA-BAB3-EB7B29D8EC43}.Debug|Mixed Platforms.Build.0 = Debug|Win32
		{029C4EFF-D331-46AA-BAB3-EB7B29D8EC43}.Debug|Win32.ActiveCfg = Debug|Win32
		{029C4EFF-D331-46AA-BAB3-EB7B29D8EC43}.Debug|Win32.Build.0 = Debug|Win32
		{029C4EFF-D331-46AA-BAB3-EB7B29D8EC43}.Fast Debug|Any CPU.ActiveCfg = Fast Debug|Win32
		{029C4EFF-D331-46AA-BAB3-EB7B29D8EC43}.Fast Debug|Mixed Platforms.ActiveCfg = Fast Debug|Win32
		{029C4EFF-D331-46AA-BAB3-EB7B29D8EC43}.Fast Debug|Mixed Platforms.Build.0 = Fast Debug|Win32
		{029C4EFF-D331-46AA-BAB3-EB7B29D8EC43}.Fast Debug|Win32.ActiveCfg = Fast Debug|Win32
		{029C4EFF-D331-46AA-BAB3-EB7B29D8EC43}.Fast Debug|Win32.Build.0 = Fast Debug|Win32
		{029C4EFF-D331-46AA-BAB3-EB7B29D8EC43}.Release|Any CPU.ActiveCfg = Release|Win32
		{029C4EFF-D331-46AA-BAB3-EB7B29D8EC43}.Release|Mixed Platforms.ActiveCfg = Release|Win32
		{029C4EFF-D331-46AA-BAB3-EB7B29D8EC43}.Release|Mixed Platforms.Build.0 = Release|Win32
		{029C4EFF-D331-46AA-BAB3-EB7B29D8EC43}.Release|Win32.ActiveCfg = Release|Win32
		{029C4EFF-D331-46AA-BAB3-EB7B29D8EC43}.Release|Win32.Build.0 = Release|Win32
		{95DF64CF-3BB1-414A-8861-43F9BDF500D7}.Debug|Any CPU.ActiveCfg = Debug|Win32
		{95DF64CF-3BB1-414A-8861-43F9BDF500D7}.Debug|Mixed Platforms.ActiveCfg = Debug|Win32
		{95DF64CF-3BB1-414A-8861-43F9BDF500D7}.Debug|Mixed Platforms.Build.0 = Debug|Win32
		{95DF64CF-3BB1-414A-8861-43F9BDF500D7}.Debug|Win32.ActiveCfg = Debug|Win32
		{95DF64CF-3BB1-414A-8861-43F9BDF500D7}.Debug|Win32.Build.0 = Debug|Win32
		{95DF64CF-3BB1-414A-8861-43F9BDF500D7}.Fast Debug|Any CPU.ActiveCfg = Fast Debug|Win32
		{95DF64CF-3BB1-414A-8861-43F9BDF500D7}.Fast Debug|Mixed Platforms.ActiveCfg = Fast Debug|Win32
		{95DF64CF-3BB1-414A-8861-43F9BDF500D7}.Fast Debug|Mixed Platforms.Build.0 = Fast Debug|Win32
		{95DF64CF-3BB1-414A-8861-43F9BDF500D7}.Fast Debug|Win32.ActiveCfg = Fast Debug|Win32
		{95DF64CF-3BB1-414A-8861-43F9BDF500D7}.Fast Debug|Win32.Build.0 = Fast Debug|Win32
		{95DF64CF-3BB1-414A-8861-43F9BDF500D7}.Release|Any CPU.ActiveCfg = Release|Win32
		{95DF64CF-3BB1-414A-8861-43F9BDF500D7}.Release|Mixed Platforms.ActiveCfg = Release|Win32
		{95DF64CF-3BB1-414A-8861-43F9BDF500D7}.Release|Mixed Platforms.Build.0 = Release|Win32
		{95DF64CF-3BB1-414A-8861-43F9BDF500D7}.Release|Win32.ActiveCfg = Release|Win32
		{95DF64CF-3BB1-414A-8861-43F9BDF500D7}.Release|Win32.Build.0 = Release|Win32
		{C1164CF6-324B-49DA-98C1-9AD28D0C5D3E}.Debug|Any CPU.ActiveCfg = Debug|Win32
		{C1164CF6-324B-49DA-98C1-9AD28D0C5D3E}.Debug|Mixed Platforms.ActiveCfg = Debug|Win32
		{C1164CF6-324B-49DA-98C1-9AD28D0C5D3E}.Debug|Mixed Platforms.Build.0 = Debug|Win32
		{C1164CF6-324B-49DA-98C1-9AD28D0C5D3E}.Debug|Win32.ActiveCfg = Debug|Win32
		{C1164CF6-324B-49DA-98C1-9AD28D0C5D3E}.Debug|Win32.Build.0 = Debug|Win32
		{C1164CF6-324B-49DA-98C1-9AD28D0C5D3E}.Fast Debug|Any CPU.ActiveCfg = Debug|Win32
		{C1164CF6-324B-49DA-98C1-9AD28D0C5D3E}.Fast Debug|Mixed Platforms.ActiveCfg = Debug|Win32
		{C1164CF6-324B-49DA-98C1-9AD28D0C5D3E}.Fast Debug|Mixed Platforms.Build.0 = Debug|Win32
		{C1164CF6-324B-49DA-98C1-9AD28D0C5D3E}.Fast Debug|Win32.ActiveCfg = Debug|Win32
		{C1164CF6-324B-49DA-98C1-9AD28D0C5D3E}.Fast Debug|Win32.Build.0 = Debug|Win32
		{C1164CF6-324B-49DA-98C1-9AD28D0C5D3E}.Release|Any CPU.ActiveCfg = Release|Win32
		{C1164CF6-324B-49DA-98C1-9AD28D0C5D3E}.Release|Mixed Platforms.ActiveCfg = Release|Win32
		{C1164CF6-324B-49DA-98C1-9AD28D0C5D3E}.Release|Mixed Platforms.Build.0 = Release|Win32
		{C1164CF6-324B-49DA-98C1-9AD28D0C5D3E}.Release|Win32.ActiveCfg = Release|Win32
		{C1164CF6-324B-49DA-98C1-9AD28D0C5D3E}.Release|Win32.Build.0 = Release|Win32
		{0EBFF5FA-A633-4821-BCAB-0031BAB36260}.Debug|Any CPU.ActiveCfg = Debug|Win32
		{0EBFF5FA-A633-4821-BCAB-0031BAB36260}.Debug|Mixed Platforms.ActiveCfg = Debug|Win32
		{0EBFF5FA-A633-4821-BCAB-0031BAB36260}.Debug|Mixed Platforms.Build.0 = Debug|Win32
		{0EBFF5FA-A633-4821-BCAB-0031BAB36260}.Debug|Win32.ActiveCfg = Debug|Win32
		{0EBFF5FA-A633-4821-BCAB-0031BAB36260}.Debug|Win32.Build.0 = Debug|Win32
		{0EBFF5FA-A633-4821-BCAB-0031BAB36260}.Fast Debug|Any CPU.ActiveCfg = Debug|Win32
		{0EBFF5FA-A633-4821-BCAB-0031BAB36260}.Fast Debug|Mixed Platforms.ActiveCfg = Debug|Win32
		{0EBFF5FA-A633-4821-BCAB-0031BAB36260}.Fast Debug|Mixed Platforms.Build.0 = Debug|Win32
		{0EBFF5FA-A633-4821-BCAB-0031BAB36260}.Fast Debug|Win32.ActiveCfg = Debug|Win32
		{0EBFF5FA-A633-4821-BCAB-0031BAB36260}.Fast Debug|Win32.Build.0 = Debug|Win32
		{0EBFF5FA-A633-4821-BCAB-0031BAB36260}.Release|Any CPU.ActiveCfg = Release|Win32
		{0EBFF5FA-A633-4821-BCAB-0031BAB36260}.Release|Mixed Platforms.ActiveCfg = Release|Win32
		{0EBFF5FA-A633-4821-BCAB-0031BAB36260}.Release|Mixed Platforms.Build.0 = Release|Win32
		{0EBFF5FA-A633-4821-BCAB-0031BAB36260}.Release|Win32.ActiveCfg = Release|Win32
		{0EBFF5FA-A633-4821-BCAB-0031BAB36260}.Release|Win32.Build.0 = Release|Win32
		{96EAEED1-3028-431B-93A1-A022BC183A8D}.Debug|Any CPU.ActiveCfg = Debug|Any CPU
		{96EAEED1-3028-431B-93A1-A022BC183A8D}.Debug|Any CPU.Build.0 = Debug|Any CPU
		{96EAEED1-3028-431B-93A1-A022BC183A8D}.Debug|Mixed Platforms.ActiveCfg = Debug|Any CPU
		{96EAEED1-3028-431B-93A1-A022BC183A8D}.Debug|Mixed Platforms.Build.0 = Debug|Any CPU
		{96EAEED1-3028-431B-93A1-A022BC183A8D}.Debug|Win32.ActiveCfg = Debug|Any CPU
		{96EAEED1-3028-431B-93A1-A022BC183A8D}.Fast Debug|Any CPU.ActiveCfg = Debug|Any CPU
		{96EAEED1-3028-431B-93A1-A022BC183A8D}.Fast Debug|Any CPU.Build.0 = Debug|Any CPU
		{96EAEED1-3028-431B-93A1-A022BC183A8D}.Fast Debug|Mixed Platforms.ActiveCfg = Debug|Any CPU
		{96EAEED1-3028-431B-93A1-A022BC183A8D}.Fast Debug|Mixed Platforms.Build.0 = Debug|Any CPU
		{96EAEED1-3028-431B-93A1-A022BC183A8D}.Fast Debug|Win32.ActiveCfg = Debug|Any CPU
		{96EAEED1-3028-431B-93A1-A022BC183A8D}.Release|Any CPU.ActiveCfg = Release|Any CPU
		{96EAEED1-3028-431B-93A1-A022BC183A8D}.Release|Any CPU.Build.0 = Release|Any CPU
		{96EAEED1-3028-431B-93A1-A022BC183A8D}.Release|Mixed Platforms.ActiveCfg = Release|Any CPU
		{96EAEED1-3028-431B-93A1-A022BC183A8D}.Release|Mixed Platforms.Build.0 = Release|Any CPU
		{96EAEED1-3028-431B-93A1-A022BC183A8D}.Release|Win32.ActiveCfg = Release|Any CPU
		{43CBC9AA-6A8E-463F-83A9-AFF3124AFDB6}.Debug|Any CPU.ActiveCfg = Debug|Any CPU
		{43CBC9AA-6A8E-463F-83A9-AFF3124AFDB6}.Debug|Any CPU.Build.0 = Debug|Any CPU
		{43CBC9AA-6A8E-463F-83A9-AFF3124AFDB6}.Debug|Mixed Platforms.ActiveCfg = Debug|Any CPU
		{43CBC9AA-6A8E-463F-83A9-AFF3124AFDB6}.Debug|Mixed Platforms.Build.0 = Debug|Any CPU
		{43CBC9AA-6A8E-463F-83A9-AFF3124AFDB6}.Debug|Win32.ActiveCfg = Debug|Any CPU
		{43CBC9AA-6A8E-463F-83A9-AFF3124AFDB6}.Fast Debug|Any CPU.ActiveCfg = Debug|Any CPU
		{43CBC9AA-6A8E-463F-83A9-AFF3124AFDB6}.Fast Debug|Any CPU.Build.0 = Debug|Any CPU
		{43CBC9AA-6A8E-463F-83A9-AFF3124AFDB6}.Fast Debug|Mixed Platforms.ActiveCfg = Debug|Any CPU
		{43CBC9AA-6A8E-463F-83A9-AFF3124AFDB6}.Fast Debug|Mixed Platforms.Build.0 = Debug|Any CPU
		{43CBC9AA-6A8E-463F-83A9-AFF3124AFDB6}.Fast Debug|Win32.ActiveCfg = Debug|Any CPU
		{43CBC9AA-6A8E-463F-83A9-AFF3124AFDB6}.Release|Any CPU.ActiveCfg = Release|Any CPU
		{43CBC9AA-6A8E-463F-83A9-AFF3124AFDB6}.Release|Any CPU.Build.0 = Release|Any CPU
		{43CBC9AA-6A8E-463F-83A9-AFF3124AFDB6}.Release|Mixed Platforms.ActiveCfg = Release|Any CPU
		{43CBC9AA-6A8E-463F-83A9-AFF3124AFDB6}.Release|Mixed Platforms.Build.0 = Release|Any CPU
		{43CBC9AA-6A8E-463F-83A9-AFF3124AFDB6}.Release|Win32.ActiveCfg = Release|Any CPU
	EndGlobalSection
	GlobalSection(SolutionProperties) = preSolution
		HideSolutionNode = FALSE
	EndGlobalSection
	GlobalSection(NestedProjects) = preSolution
		{23B092D0-F753-463D-8FB7-CA5AD1B4B6B8} = {2DE2E0BC-6AF5-4921-A6F8-18A2F7EB83C5}
		{80EEC939-EE99-4428-9C34-8D08F8D1940A} = {2DE2E0BC-6AF5-4921-A6F8-18A2F7EB83C5}
		{EDB8D577-CBD9-4101-8FB6-3E92DD64D9D3} = {BFFCE528-BBDB-45CE-A16E-B164460E202E}
		{95DF64CF-3BB1-414A-8861-43F9BDF500D7} = {BFFCE528-BBDB-45CE-A16E-B164460E202E}
		{80CBB172-CB75-4B4E-AAD8-EBCE1301971B} = {172373A8-AFB1-4E07-BB38-767B581ED49B}
		{A16CD0DB-0D43-4611-88E6-D2203CB9511B} = {172373A8-AFB1-4E07-BB38-767B581ED49B}
		{BBEB0CFC-DE25-45F1-AF3F-FC8DA7C63887} = {172373A8-AFB1-4E07-BB38-767B581ED49B}
		{4FEAD078-4B8B-4B9F-BC45-0246912887FC} = {2C257322-54BD-4544-900C-BD9218AAA0AD}
		{9CC264DC-13E7-4004-8548-ACAD64E1D5D8} = {2C257322-54BD-4544-900C-BD9218AAA0AD}
		{1739FE4C-30E3-4D40-B7A5-EAD5B5459E32} = {2C257322-54BD-4544-900C-BD9218AAA0AD}
		{43CBC9AA-6A8E-463F-83A9-AFF3124AFDB6} = {93BC99BD-416E-4CE5-ACF0-1A38C9C2D588}
		{96EAEED1-3028-431B-93A1-A022BC183A8D} = {93BC99BD-416E-4CE5-ACF0-1A38C9C2D588}
	EndGlobalSection
EndGlobal
