<?xml version="1.0" encoding="utf-8"?>
<Project ToolsVersion="4.0" xmlns="http://schemas.microsoft.com/developer/msbuild/2003">
  <ItemGroup>
    <ClCompile Include="source\FusionAngelScriptComponent.cpp" />
    <ClCompile Include="source\FusionAngelScriptSystem.cpp" />
    <ClCompile Include="PrecompiledHeaders.cpp">
      <Filter>PrecompiledHeaders</Filter>
    </ClCompile>
  </ItemGroup>
  <ItemGroup>
    <ClInclude Include="include\FusionScriptInputEvent.h" />
    <ClInclude Include="include\FusionAngelScriptComponent.h" />
    <ClInclude Include="include\FusionAngelScriptSystem.h" />
    <ClInclude Include="PrecompiledHeaders.h">
      <Filter>PrecompiledHeaders</Filter>
    </ClInclude>
    <ClInclude Include="include\FusionScriptCollisionEvent.h" />
    <ClInclude Include="include\FusionB2ContactListenerASScript.h" />
  </ItemGroup>
  <ItemGroup>
    <Filter Include="PrecompiledHeaders">
      <UniqueIdentifier>{fa1310a8-cece-4fc7-959b-87d4e94d28e2}</UniqueIdentifier>
    </Filter>
  </ItemGroup>
</Project>