<?xml version="1.0" encoding="utf-8"?>
<Project ToolsVersion="4.0" xmlns="http://schemas.microsoft.com/developer/msbuild/2003">
  <ItemGroup>
    <ClCompile Include="source\FusionCamera.cpp" />
    <ClCompile Include="source\FusionViewport.cpp" />
    <ClCompile Include="source\FusionPhysicsDebugDraw.cpp" />
    <ClCompile Include="source\FusionRenderer.cpp" />
    <ClCompile Include="source\PrecompiledHeaders.cpp">
      <Filter>PrecompiledHeaders</Filter>
    </ClCompile>
  </ItemGroup>
  <ItemGroup>
    <ClInclude Include="include\FusionCamera.h" />
    <ClInclude Include="include\FusionPhysicsDebugDraw.h" />
    <ClInclude Include="include\FusionRenderer.h" />
    <ClInclude Include="include\FusionViewport.h" />
    <ClInclude Include="include\FusionCameraManager.h" />
    <ClInclude Include="source\PrecompiledHeaders.h">
      <Filter>PrecompiledHeaders</Filter>
    </ClInclude>
  </ItemGroup>
  <ItemGroup>
    <Filter Include="PrecompiledHeaders">
      <UniqueIdentifier>{1e2086f7-36d4-4847-b57d-9da0277a601b}</UniqueIdentifier>
    </Filter>
  </ItemGroup>
</Project>