<?xml version="1.0" encoding="utf-8"?>
<Project ToolsVersion="4.0" xmlns="http://schemas.microsoft.com/developer/msbuild/2003">
  <ItemGroup>
    <ClInclude Include="include\FusionEditor.h" />
    <ClInclude Include="PrecompiledHeaders.h">
      <Filter>PrecompiledHeaders</Filter>
    </ClInclude>
    <ClInclude Include="include\FusionTransformInspector.h" />
    <ClInclude Include="include\FusionComponentInspector.h" />
    <ClInclude Include="include\FusionASScriptInspector.h" />
  </ItemGroup>
  <ItemGroup>
    <Filter Include="PrecompiledHeaders">
      <UniqueIdentifier>{e38748f1-98b9-4905-a9da-44142e7bf2b4}</UniqueIdentifier>
    </Filter>
  </ItemGroup>
  <ItemGroup>
    <ClCompile Include="PrecompiledHeaders.cpp">
      <Filter>PrecompiledHeaders</Filter>
    </ClCompile>
    <ClCompile Include="source\FusionEditor.cpp" />
    <ClCompile Include="source\FusionTransformInspector.cpp" />
    <ClCompile Include="source\FusionASScriptInspector.cpp" />
  </ItemGroup>
</Project>