<?xml version="1.0" encoding="utf-8"?>
<Project ToolsVersion="4.0" xmlns="http://schemas.microsoft.com/developer/msbuild/2003">
  <ItemGroup>
    <Filter Include="Header Files">
      <UniqueIdentifier>{4e502d8a-be16-4328-b880-da89c29cfc77}</UniqueIdentifier>
      <Extensions>h;hpp;hxx;hm;inl</Extensions>
    </Filter>
    <Filter Include="Source Files">
      <UniqueIdentifier>{a67cb065-154b-49dc-8016-0214998a14c5}</UniqueIdentifier>
      <Extensions>cpp;c;cxx;rc;def;r;odl;idl;hpj;bat</Extensions>
    </Filter>
    <Filter Include="Source Files\TiCpp">
      <UniqueIdentifier>{21335d9c-09ed-424f-96d9-febdb2072db5}</UniqueIdentifier>
    </Filter>
    <Filter Include="Source Files\TinyXPath">
      <UniqueIdentifier>{c82cc998-375b-4776-aa0f-cce8badadf5a}</UniqueIdentifier>
    </Filter>
  </ItemGroup>
  <ItemGroup>
    <ClCompile Include="..\action_store.cpp">
      <Filter>Source Files\TinyXPath</Filter>
    </ClCompile>
    <ClCompile Include="..\lex_util.cpp">
      <Filter>Source Files\TinyXPath</Filter>
    </ClCompile>
    <ClCompile Include="..\node_set.cpp">
      <Filter>Source Files\TinyXPath</Filter>
    </ClCompile>
    <ClCompile Include="..\ticpp.cpp">
      <Filter>Source Files\TiCpp</Filter>
    </ClCompile>
    <ClCompile Include="..\tinystr.cpp">
      <Filter>Source Files\TiCpp</Filter>
    </ClCompile>
    <ClCompile Include="..\tinyxml.cpp">
      <Filter>Source Files\TiCpp</Filter>
    </ClCompile>
    <ClCompile Include="..\tinyxmlerror.cpp">
      <Filter>Source Files\TiCpp</Filter>
    </ClCompile>
    <ClCompile Include="..\tinyxmlparser.cpp">
      <Filter>Source Files\TiCpp</Filter>
    </ClCompile>
    <ClCompile Include="..\tokenlist.cpp">
      <Filter>Source Files\TinyXPath</Filter>
    </ClCompile>
    <ClCompile Include="..\xml_util.cpp">
      <Filter>Source Files\TinyXPath</Filter>
    </ClCompile>
    <ClCompile Include="..\xpath_expression.cpp">
      <Filter>Source Files\TinyXPath</Filter>
    </ClCompile>
    <ClCompile Include="..\xpath_processor.cpp">
      <Filter>Source Files\TinyXPath</Filter>
    </ClCompile>
    <ClCompile Include="..\xpath_stack.cpp">
      <Filter>Source Files\TinyXPath</Filter>
    </ClCompile>
    <ClCompile Include="..\xpath_static.cpp">
      <Filter>Source Files\TinyXPath</Filter>
    </ClCompile>
    <ClCompile Include="..\xpath_stream.cpp">
      <Filter>Source Files\TinyXPath</Filter>
    </ClCompile>
    <ClCompile Include="..\xpath_syntax.cpp">
      <Filter>Source Files\TinyXPath</Filter>
    </ClCompile>
  </ItemGroup>
  <ItemGroup>
    <ClInclude Include="..\action_store.h">
      <Filter>Source Files\TinyXPath</Filter>
    </ClInclude>
    <ClInclude Include="..\byte_stream.h">
      <Filter>Source Files\TinyXPath</Filter>
    </ClInclude>
    <ClInclude Include="..\lex_token.h">
      <Filter>Source Files\TinyXPath</Filter>
    </ClInclude>
    <ClInclude Include="..\lex_util.h">
      <Filter>Source Files\TinyXPath</Filter>
    </ClInclude>
    <ClInclude Include="..\node_set.h">
      <Filter>Source Files\TinyXPath</Filter>
    </ClInclude>
    <ClInclude Include="..\ticpp.h">
      <Filter>Source Files\TiCpp</Filter>
    </ClInclude>
    <ClInclude Include="..\ticpprc.h">
      <Filter>Source Files\TiCpp</Filter>
    </ClInclude>
    <ClInclude Include="..\tinystr.h">
      <Filter>Source Files\TiCpp</Filter>
    </ClInclude>
    <ClInclude Include="..\tinyxml.h">
      <Filter>Source Files\TiCpp</Filter>
    </ClInclude>
    <ClInclude Include="..\tinyxpath_conf.h">
      <Filter>Source Files\TinyXPath</Filter>
    </ClInclude>
    <ClInclude Include="..\tokenlist.h">
      <Filter>Source Files\TinyXPath</Filter>
    </ClInclude>
    <ClInclude Include="..\xml_util.h">
      <Filter>Source Files\TinyXPath</Filter>
    </ClInclude>
    <ClInclude Include="..\xpath_expression.h">
      <Filter>Source Files\TinyXPath</Filter>
    </ClInclude>
    <ClInclude Include="..\xpath_processor.h">
      <Filter>Source Files\TinyXPath</Filter>
    </ClInclude>
    <ClInclude Include="..\xpath_stack.h">
      <Filter>Source Files\TinyXPath</Filter>
    </ClInclude>
    <ClInclude Include="..\xpath_stream.h">
      <Filter>Source Files\TinyXPath</Filter>
    </ClInclude>
    <ClInclude Include="..\xpath_syntax.h">
      <Filter>Source Files\TinyXPath</Filter>
    </ClInclude>
  </ItemGroup>
</Project>