<?xml version="1.0" encoding="utf-8"?>
<Project ToolsVersion="4.0" xmlns="http://schemas.microsoft.com/developer/msbuild/2003">
  <ItemGroup>
    <Filter Include="Entity">
      <UniqueIdentifier>{f69ce657-5500-497b-9cfb-015940014e90}</UniqueIdentifier>
    </Filter>
    <Filter Include="Types">
      <UniqueIdentifier>{2732e00e-5dc0-4318-84b5-3f53d7275248}</UniqueIdentifier>
    </Filter>
    <Filter Include="temp">
      <UniqueIdentifier>{330bf379-e640-473b-948e-84673a09905b}</UniqueIdentifier>
    </Filter>
  </ItemGroup>
  <ItemGroup>
    <ClCompile Include="source\FusionEntity.cpp">
      <Filter>Entity</Filter>
    </ClCompile>
    <ClCompile Include="source\FusionEntityComponent.cpp">
      <Filter>Entity</Filter>
    </ClCompile>
    <ClCompile Include="source\FusionDeltaTime.cpp" />
    <ClCompile Include="source\FusionComponentFactory.cpp">
      <Filter>temp</Filter>
    </ClCompile>
  </ItemGroup>
  <ItemGroup>
    <ClInclude Include="include\FusionEntity.h">
      <Filter>Entity</Filter>
    </ClInclude>
    <ClInclude Include="include\FusionEntityComponent.h">
      <Filter>Entity</Filter>
    </ClInclude>
    <ClInclude Include="include\FusionThreadSafeProperty.h" />
    <ClInclude Include="include\FusionScriptComponent.h">
      <Filter>Types</Filter>
    </ClInclude>
    <ClInclude Include="include\FusionPhysicalComponent.h">
      <Filter>Types</Filter>
    </ClInclude>
    <ClInclude Include="include\FusionRender2DComponent.h">
      <Filter>Types</Filter>
    </ClInclude>
    <ClInclude Include="include\FusionTransformComponent.h">
      <Filter>Types</Filter>
    </ClInclude>
    <ClInclude Include="include\FusionCommandQueue.h" />
    <ClInclude Include="include\FusionComponentSystem.h" />
    <ClInclude Include="include\FusionDeltaTime.h" />
    <ClInclude Include="include\FusionEntityRepo.h" />
    <ClInclude Include="include\FusionComponentFactory.h">
      <Filter>temp</Filter>
    </ClInclude>
  </ItemGroup>
</Project>