<?xml version="1.0" encoding="utf-8"?>
<Project ToolsVersion="4.0" xmlns="http://schemas.microsoft.com/developer/msbuild/2003">
  <ItemGroup>
    <Filter Include="Entity">
      <UniqueIdentifier>{f69ce657-5500-497b-9cfb-015940014e90}</UniqueIdentifier>
    </Filter>
    <Filter Include="Types">
      <UniqueIdentifier>{2732e00e-5dc0-4318-84b5-3f53d7275248}</UniqueIdentifier>
    </Filter>
    <Filter Include="PrecompiledHeaders">
      <UniqueIdentifier>{e7d7fe75-3fb9-48a7-8e58-8d2a51b88fbd}</UniqueIdentifier>
    </Filter>
    <Filter Include="Messaging">
      <UniqueIdentifier>{eb7b6468-f606-44d3-be0b-6b38aabb98fe}</UniqueIdentifier>
    </Filter>
  </ItemGroup>
  <ItemGroup>
    <ClCompile Include="source\FusionEntity.cpp">
      <Filter>Entity</Filter>
    </ClCompile>
    <ClCompile Include="source\FusionEntityComponent.cpp">
      <Filter>Entity</Filter>
    </ClCompile>
    <ClCompile Include="source\FusionDeltaTime.cpp" />
    <ClCompile Include="source\FusionArchetypalEntityManager.cpp">
      <Filter>Entity</Filter>
    </ClCompile>
    <ClCompile Include="source\FusionPropertySignalingSystem.cpp">
      <Filter>Entity</Filter>
    </ClCompile>
    <ClCompile Include="source\FusionComponentProperty.cpp">
      <Filter>Entity</Filter>
    </ClCompile>
    <ClCompile Include="source\FusionComponentTypeInfo.cpp">
      <Filter>Entity</Filter>
    </ClCompile>
    <ClCompile Include="source\PrecompiledHeaders.cpp">
      <Filter>PrecompiledHeaders</Filter>
    </ClCompile>
    <ClCompile Include="source\FusionRouterTask.cpp" />
    <ClCompile Include="source\FusionRouter.cpp">
      <Filter>Messaging</Filter>
    </ClCompile>
    <ClCompile Include="source\FusionSystemWorld.cpp" />
    <ClCompile Include="source\FusionSystemTask.cpp" />
    <ClCompile Include="source\FusionSynchronisingComponent.cpp">
      <Filter>Entity</Filter>
    </ClCompile>
    <ClCompile Include="source\FusionPropertySynchroniser.cpp">
      <Filter>Entity</Filter>
    </ClCompile>
  </ItemGroup>
  <ItemGroup>
    <ClInclude Include="include\FusionEntity.h">
      <Filter>Entity</Filter>
    </ClInclude>
    <ClInclude Include="include\FusionEntityComponent.h">
      <Filter>Entity</Filter>
    </ClInclude>
    <ClInclude Include="include\FusionThreadSafeProperty.h" />
    <ClInclude Include="include\FusionScriptComponent.h">
      <Filter>Types</Filter>
    </ClInclude>
    <ClInclude Include="include\FusionPhysicalComponent.h">
      <Filter>Types</Filter>
    </ClInclude>
    <ClInclude Include="include\FusionRender2DComponent.h">
      <Filter>Types</Filter>
    </ClInclude>
    <ClInclude Include="include\FusionTransformComponent.h">
      <Filter>Types</Filter>
    </ClInclude>
    <ClInclude Include="include\FusionCommandQueue.h" />
    <ClInclude Include="include\FusionComponentSystem.h" />
    <ClInclude Include="include\FusionDeltaTime.h" />
    <ClInclude Include="include\FusionEntityRepo.h" />
    <ClInclude Include="include\FusionComponentFactory.h" />
    <ClInclude Include="include\FusionEntityInstantiator.h" />
    <ClInclude Include="include\FusionComponentProperty.h">
      <Filter>Entity</Filter>
    </ClInclude>
    <ClInclude Include="include\FusionArchetypalEntityManager.h">
      <Filter>Entity</Filter>
    </ClInclude>
    <ClInclude Include="include\FusionSynchronisedSignalingSystem.h" />
    <ClInclude Include="include\FusionPropertySyncSigDetail.h">
      <Filter>Entity</Filter>
    </ClInclude>
    <ClInclude Include="include\FusionPropertySignalingSystem.h">
      <Filter>Entity</Filter>
    </ClInclude>
    <ClInclude Include="include\FusionSyncSigScriptInterface.h" />
    <ClInclude Include="include\FusionComponentTypeInfo.h">
      <Filter>Entity</Filter>
    </ClInclude>
    <ClInclude Include="source\PrecompiledHeaders.h">
      <Filter>PrecompiledHeaders</Filter>
    </ClInclude>
    <ClInclude Include="include\FusionSerialisationError.h" />
    <ClInclude Include="..\EngineFramework\include\FusionRouterTask.h" />
    <ClInclude Include="include\Messaging\FusionAddress.h">
      <Filter>Messaging</Filter>
    </ClInclude>
    <ClInclude Include="include\Messaging\FusionMessage.h">
      <Filter>Messaging</Filter>
    </ClInclude>
    <ClInclude Include="include\Messaging\FusionRouter.h">
      <Filter>Messaging</Filter>
    </ClInclude>
    <ClInclude Include="include\Messaging\FusionRouterTask.h">
      <Filter>Messaging</Filter>
    </ClInclude>
    <ClInclude Include="include\Messaging\FusionTaskRouter.h">
      <Filter>Messaging</Filter>
    </ClInclude>
    <ClInclude Include="include\FusionSystemTask.h" />
    <ClInclude Include="include\FusionSystemWorld.h" />
    <ClInclude Include="include\FusionSystemType.h" />
    <ClInclude Include="include\FusionTaskList.h" />
    <ClInclude Include="include\FusionStandardProperty.h" />
    <ClInclude Include="include\FusionPropertyDeclarationUtils.h" />
    <ClInclude Include="include\FusionSynchronisingComponent.h">
      <Filter>Entity</Filter>
    </ClInclude>
    <ClInclude Include="include\FusionPropertySynchroniser.h">
      <Filter>Entity</Filter>
    </ClInclude>
  </ItemGroup>
</Project>