<?xml version="1.0" encoding="utf-8"?>
<Project ToolsVersion="4.0" xmlns="http://schemas.microsoft.com/developer/msbuild/2003">
  <ItemGroup>
    <Filter Include="Instantiation">
      <UniqueIdentifier>{2a7b8947-2a7c-4e34-9947-31e930abe5a5}</UniqueIdentifier>
    </Filter>
    <Filter Include="Map">
      <UniqueIdentifier>{32073f4f-6fad-4c24-b3a4-51ecd78bc6e4}</UniqueIdentifier>
    </Filter>
    <Filter Include="Map\Async Loading">
      <UniqueIdentifier>{8aefb84e-f9d7-4a15-b7a2-ba350ef57548}</UniqueIdentifier>
    </Filter>
    <Filter Include="GUI">
      <UniqueIdentifier>{12ceb53f-9497-4022-acc8-0e93c0757aeb}</UniqueIdentifier>
    </Filter>
    <Filter Include="PrecompiledHeaders">
      <UniqueIdentifier>{59dbc461-2340-4c1e-a7f0-26fb95578c2d}</UniqueIdentifier>
    </Filter>
    <Filter Include="Archetypes">
      <UniqueIdentifier>{d862b419-14cd-4f32-aa82-6f18f43e0186}</UniqueIdentifier>
    </Filter>
  </ItemGroup>
  <ItemGroup>
    <ClCompile Include="source\FusionEntityManager.cpp" />
    <ClCompile Include="source\FusionTaskManager.cpp" />
    <ClCompile Include="source\FusionTaskScheduler.cpp" />
    <ClCompile Include="source\FusionEntitySerialisationUtils.cpp">
      <Filter>Map</Filter>
    </ClCompile>
    <ClCompile Include="source\FusionGameMapLoader.cpp">
      <Filter>Map</Filter>
    </ClCompile>
    <ClCompile Include="source\FusionRegionCellCache.cpp">
      <Filter>Map\Async Loading</Filter>
    </ClCompile>
    <ClCompile Include="source\FusionRegionMapLoader.cpp">
      <Filter>Map\Async Loading</Filter>
    </ClCompile>
    <ClCompile Include="source\FusionStreamingManager.cpp">
      <Filter>Map\Async Loading</Filter>
    </ClCompile>
    <ClCompile Include="source\FusionContextMenu.cpp">
      <Filter>GUI</Filter>
    </ClCompile>
    <ClCompile Include="source\FusionElementSelectableDataGrid.cpp">
      <Filter>GUI</Filter>
    </ClCompile>
    <ClCompile Include="source\FusionEntityDecorator.cpp">
      <Filter>GUI</Filter>
    </ClCompile>
    <ClCompile Include="source\FusionEntityDecoratorInstancer.cpp">
      <Filter>GUI</Filter>
    </ClCompile>
    <ClCompile Include="source\FusionGUI.cpp">
      <Filter>GUI</Filter>
    </ClCompile>
    <ClCompile Include="source\FusionMessageBox.cpp">
      <Filter>GUI</Filter>
    </ClCompile>
    <ClCompile Include="source\FusionRocketInterface.cpp">
      <Filter>GUI</Filter>
    </ClCompile>
    <ClCompile Include="PrecompiledHeaders.cpp">
      <Filter>PrecompiledHeaders</Filter>
    </ClCompile>
    <ClCompile Include="source\FusionP2PEntityInstantiator.cpp">
      <Filter>Instantiation</Filter>
    </ClCompile>
    <ClCompile Include="source\FusionComponentUniverse.cpp" />
    <ClCompile Include="source\FusionPrefabInstantiator.cpp">
      <Filter>Instantiation</Filter>
    </ClCompile>
    <ClCompile Include="source\FusionEngineManager.cpp" />
    <ClCompile Include="source\FusionComponentScriptTypeRegistration.cpp" />
    <ClCompile Include="source\FusionEntityScriptBinding.cpp" />
    <ClCompile Include="source\FusionFilesystemDataSource.cpp">
      <Filter>GUI</Filter>
    </ClCompile>
    <ClCompile Include="source\FusionArchetypeFactory.cpp">
      <Filter>Archetypes</Filter>
    </ClCompile>
    <ClCompile Include="source\FusionArchetype.cpp">
      <Filter>Archetypes</Filter>
    </ClCompile>
    <ClCompile Include="source\FusionMultiEntityLoader.cpp">
      <Filter>Map\Async Loading</Filter>
    </ClCompile>
    <ClCompile Include="source\CellArchivistSystem.cpp">
      <Filter>Map\Async Loading</Filter>
    </ClCompile>
    <ClCompile Include="source\FusionCellSerialisationUtils.cpp">
      <Filter>Map</Filter>
    </ClCompile>
    <ClCompile Include="source\FusionNetworkedRegionCellCache.cpp">
      <Filter>Map\Async Loading</Filter>
    </ClCompile>
    <ClCompile Include="source\FusionProgressDisplay.cpp">
      <Filter>GUI</Filter>
    </ClCompile>
  </ItemGroup>
  <ItemGroup>
    <ClInclude Include="include\FusionTaskScheduler.h" />
    <ClInclude Include="include\FusionEntityManager.h" />
    <ClInclude Include="include\FusionEntitySynchroniser.h" />
    <ClInclude Include="include\FusionStreamingSystem.h" />
    <ClInclude Include="include\FusionTaskManager.h" />
    <ClInclude Include="include\FusionEntitySerialisationUtils.h">
      <Filter>Map</Filter>
    </ClInclude>
    <ClInclude Include="include\FusionGameMapLoader.h">
      <Filter>Map</Filter>
    </ClInclude>
    <ClInclude Include="include\FusionCellCache.h">
      <Filter>Map\Async Loading</Filter>
    </ClInclude>
    <ClInclude Include="include\FusionCellDataSource.h">
      <Filter>Map\Async Loading</Filter>
    </ClInclude>
    <ClInclude Include="include\FusionRegionCellCache.h">
      <Filter>Map\Async Loading</Filter>
    </ClInclude>
    <ClInclude Include="include\FusionRegionMapLoader.h">
      <Filter>Map\Async Loading</Filter>
    </ClInclude>
    <ClInclude Include="include\FusionStreamingManager.h">
      <Filter>Map\Async Loading</Filter>
    </ClInclude>
    <ClInclude Include="include\FusionContextMenu.h">
      <Filter>GUI</Filter>
    </ClInclude>
    <ClInclude Include="include\FusionElementSelectableDataGrid.h">
      <Filter>GUI</Filter>
    </ClInclude>
    <ClInclude Include="include\FusionEntityDecorator.h">
      <Filter>GUI</Filter>
    </ClInclude>
    <ClInclude Include="include\FusionEntityDecoratorInstancer.h">
      <Filter>GUI</Filter>
    </ClInclude>
    <ClInclude Include="include\FusionGUI.h">
      <Filter>GUI</Filter>
    </ClInclude>
    <ClInclude Include="include\FusionMessageBox.h">
      <Filter>GUI</Filter>
    </ClInclude>
    <ClInclude Include="include\FusionRocketInterface.h">
      <Filter>GUI</Filter>
    </ClInclude>
    <ClInclude Include="PrecompiledHeaders.h">
      <Filter>PrecompiledHeaders</Filter>
    </ClInclude>
    <ClInclude Include="include\FusionP2PEntityInstantiator.h">
      <Filter>Instantiation</Filter>
    </ClInclude>
    <ClInclude Include="include\FusionComponentUniverse.h" />
    <ClInclude Include="include\FusionPrefabInstantiator.h">
      <Filter>Instantiation</Filter>
    </ClInclude>
    <ClInclude Include="include\FusionEngineManager.h" />
    <ClInclude Include="include\FusionEngineExtension.h" />
    <ClInclude Include="include\FusionComponentScriptTypeRegistration.h" />
    <ClInclude Include="include\FusionWorldSaver.h" />
    <ClInclude Include="include\FusionRocketReferenceCountable.h">
      <Filter>GUI</Filter>
    </ClInclude>
    <ClInclude Include="include\FusionFilesystemDataSource.h">
      <Filter>GUI</Filter>
    </ClInclude>
    <ClInclude Include="include\FusionArchetypeFactory.h">
      <Filter>Archetypes</Filter>
    </ClInclude>
    <ClInclude Include="include\FusionArchetype.h">
      <Filter>Archetypes</Filter>
    </ClInclude>
    <ClInclude Include="include\FusionMultiEntityLoader.h">
      <Filter>Map\Async Loading</Filter>
    </ClInclude>
    <ClInclude Include="include\FusionActiveEntityDirectory.h">
      <Filter>Map\Async Loading</Filter>
    </ClInclude>
    <ClInclude Include="include\FusionRegionFile.h">
      <Filter>Map\Async Loading</Filter>
    </ClInclude>
    <ClInclude Include="include\CellArchivistSystem.h">
      <Filter>Map\Async Loading</Filter>
    </ClInclude>
    <ClInclude Include="include\FusionCellSerialisationUtils.h">
      <Filter>Map</Filter>
    </ClInclude>
    <ClInclude Include="include\FusionCellStreamTypes.h">
      <Filter>Map</Filter>
    </ClInclude>
    <ClInclude Include="include\FusionCharCounter.h">
      <Filter>Map</Filter>
    </ClInclude>
    <ClInclude Include="include\FusionCell.h">
      <Filter>Map\Async Loading</Filter>
    </ClInclude>
    <ClInclude Include="include\FusionNetworkedRegionCellCache.h">
      <Filter>Map\Async Loading</Filter>
    </ClInclude>
    <ClInclude Include="include\FusionRegionFileLoadedCallbackHandle.h">
      <Filter>Map\Async Loading</Filter>
    </ClInclude>
    <ClInclude Include="include\FusionProgressDisplay.h">
      <Filter>GUI</Filter>
    </ClInclude>
  </ItemGroup>
</Project>